
Microsoft Visual Studio Solution File, Format Version 12.00
# Visual Studio Version 16
VisualStudioVersion = 16.0.29215.179
MinimumVisualStudioVersion = 10.0.40219.1
Project("{FAE04EC0-301F-11D3-BF4B-00C04F79EFBC}") = "WebApp", "WebApp\WebApp.csproj", "{5D498601-F0E7-4E3C-8FC4-0F246226B791}"
EndProject
Global
	GlobalSection(SolutionConfigurationPlatforms) = preSolution
		Debug|Any CPU = Debug|Any CPU
		Release|Any CPU = Release|Any CPU
	EndGlobalSection
	GlobalSection(ProjectConfigurationPlatforms) = postSolution
		{5D498601-F0E7-4E3C-8FC4-0F246226B791}.Debug|Any CPU.ActiveCfg = Debug|Any CPU
		{5D498601-F0E7-4E3C-8FC4-0F246226B791}.Debug|Any CPU.Build.0 = Debug|Any CPU
		{5D498601-F0E7-4E3C-8FC4-0F246226B791}.Release|Any CPU.ActiveCfg = Release|Any CPU
		{5D498601-F0E7-4E3C-8FC4-0F246226B791}.Release|Any CPU.Build.0 = Release|Any CPU
	EndGlobalSection
	GlobalSection(SolutionProperties) = preSolution
		HideSolutionNode = FALSE
	EndGlobalSection
	GlobalSection(ExtensibilityGlobals) = postSolution
		SolutionGuid = {D8B42F72-009B-4448-B8DA-AE18D839BB3D}
	EndGlobalSection
EndGlobal
